
Microsoft Visual Studio Solution File, Format Version 12.00
# Visual Studio Version 17
VisualStudioVersion = 17.8.34309.116
MinimumVisualStudioVersion = 10.0.40219.1
Project("{FAE04EC0-301F-11D3-BF4B-00C04F79EFBC}") = "solodkaya_4.2", "solodkaya_4.2.csproj", "{CF251496-791B-42D9-8171-946F62982070}"
EndProject
Global
	GlobalSection(SolutionConfigurationPlatforms) = preSolution
		Debug|Any CPU = Debug|Any CPU
		Release|Any CPU = Release|Any CPU
	EndGlobalSection
	GlobalSection(ProjectConfigurationPlatforms) = postSolution
		{CF251496-791B-42D9-8171-946F62982070}.Debug|Any CPU.ActiveCfg = Debug|Any CPU
		{CF251496-791B-42D9-8171-946F62982070}.Debug|Any CPU.Build.0 = Debug|Any CPU
		{CF251496-791B-42D9-8171-946F62982070}.Release|Any CPU.ActiveCfg = Release|Any CPU
		{CF251496-791B-42D9-8171-946F62982070}.Release|Any CPU.Build.0 = Release|Any CPU
	EndGlobalSection
	GlobalSection(SolutionProperties) = preSolution
		HideSolutionNode = FALSE
	EndGlobalSection
	GlobalSection(ExtensibilityGlobals) = postSolution
		SolutionGuid = {1F39CE74-AE6E-4BEA-AF4A-40A7418EF9F8}
	EndGlobalSection
EndGlobal
